
Microsoft Visual Studio Solution File, Format Version 12.00
# Visual Studio Version 17
VisualStudioVersion = 17.1.32228.430
MinimumVisualStudioVersion = 10.0.40219.1
Project("{9A19103F-16F7-4668-BE54-9A1E7A4F7556}") = "3CEjercicio01", "Clase03\3CEjercicio01.csproj", "{2C89F265-2A55-4D1F-824A-B5B401647245}"
EndProject
Project("{2150E333-8FDC-42A3-9474-1A3956D46DE8}") = "Clase03-ProgObj", "Clase03-ProgObj", "{F14B596F-D498-4EAC-8FE6-142F869BD9DF}"
EndProject
Project("{9A19103F-16F7-4668-BE54-9A1E7A4F7556}") = "BibliotecaDeClasesEj1", "BibliotecaDeClasesEj1\BibliotecaDeClasesEj1.csproj", "{C23D0879-36BD-4287-B63F-E8EB6E26A4DD}"
EndProject
Project("{2150E333-8FDC-42A3-9474-1A3956D46DE8}") = "Ejercicio01", "Ejercicio01", "{EBF1617B-E62F-4363-A53E-4A4D273FC53E}"
EndProject
Project("{2150E333-8FDC-42A3-9474-1A3956D46DE8}") = "Ejercicio02", "Ejercicio02", "{F7F06FC6-7721-4134-B0A8-29432351FCBB}"
EndProject
Project("{9A19103F-16F7-4668-BE54-9A1E7A4F7556}") = "3CEjercicio01", "3CEjercicios01\3CEjercicio01.csproj", "{8264EE3C-DF7F-4A9F-88D9-1006A4B2A22C}"
EndProject
Project("{9A19103F-16F7-4668-BE54-9A1E7A4F7556}") = "BibliotecaDeClasesEj2", "BibliotecaDeClasesEj2\BibliotecaDeClasesEj2.csproj", "{1D97C4A8-3F24-4353-B0C0-EF06C7596694}"
EndProject
Project("{2150E333-8FDC-42A3-9474-1A3956D46DE8}") = "Ejercicio03", "Ejercicio03", "{9AAB7166-1C4D-4BF8-9596-F8BF69EC72FB}"
EndProject
Project("{9A19103F-16F7-4668-BE54-9A1E7A4F7556}") = "3CEjercicio03", "3CEjercicio03\3CEjercicio03.csproj", "{5986FA87-8476-4182-BBE2-BC515F1321EA}"
EndProject
Project("{9A19103F-16F7-4668-BE54-9A1E7A4F7556}") = "BibliotecaDeClasesEj3", "BibliotecaDeClasesEj3\BibliotecaDeClasesEj3.csproj", "{FF6DB771-B8C4-47AA-A7FC-01B0F55A850F}"
EndProject
Project("{2150E333-8FDC-42A3-9474-1A3956D46DE8}") = "Clase04-Sobrecarga", "Clase04-Sobrecarga", "{7F761A7D-0F81-4DD8-9942-AB86D8B141AA}"
EndProject
Project("{2150E333-8FDC-42A3-9474-1A3956D46DE8}") = "Clase05-Colecciones", "Clase05-Colecciones", "{6ED00784-DE57-4FA1-8BC2-15262EF46AC0}"
EndProject
Project("{2150E333-8FDC-42A3-9474-1A3956D46DE8}") = "Clase06-WinForm", "Clase06-WinForm", "{F2776412-9FF9-4C24-94C7-078C9521D81E}"
EndProject
Project("{2150E333-8FDC-42A3-9474-1A3956D46DE8}") = "Ejercicio01", "Ejercicio01", "{9DFFD2DD-A2FC-4F36-846C-6471613D7FAA}"
EndProject
Project("{9A19103F-16F7-4668-BE54-9A1E7A4F7556}") = "6CEjercicio01", "6CEjercicio01\6CEjercicio01.csproj", "{D7C2AFCB-7906-4FC7-A887-0C1C594EA3D2}"
EndProject
Project("{2150E333-8FDC-42A3-9474-1A3956D46DE8}") = "Ejercicio02", "Ejercicio02", "{BC62B3FF-3B6D-46D0-A01D-238C88C32F22}"
EndProject
Project("{9A19103F-16F7-4668-BE54-9A1E7A4F7556}") = "6CEjercicio02", "6CEjercicio02\6CEjercicio02.csproj", "{9B432493-162E-484F-893A-5049F66EC53F}"
EndProject
Project("{9A19103F-16F7-4668-BE54-9A1E7A4F7556}") = "6CBibliotecaDeClasesEj2", "6CBibliotecaDeClasesEj2\6CBibliotecaDeClasesEj2.csproj", "{18341EFD-B334-45D6-B6A6-185D52E4160B}"
EndProject
Project("{9A19103F-16F7-4668-BE54-9A1E7A4F7556}") = "4CEjercicio01", "4CEjercicio01\4CEjercicio01.csproj", "{0CC89217-069D-4068-BBB1-7B322B526F19}"
EndProject
Project("{2150E333-8FDC-42A3-9474-1A3956D46DE8}") = "Ejercicio01", "Ejercicio01", "{4D48A927-3DE8-4C0F-A547-39F3C0A00247}"
EndProject
Project("{9A19103F-16F7-4668-BE54-9A1E7A4F7556}") = "4CBibliotecaDeClasesEj1", "4CBibliotecaDeClasesEj1\4CBibliotecaDeClasesEj1.csproj", "{69A3AB6C-7E31-46BD-A2C1-A6EADDAB4DDB}"
EndProject
Project("{2150E333-8FDC-42A3-9474-1A3956D46DE8}") = "Ejercicio02", "Ejercicio02", "{29CE6F76-0A68-4A0B-81D2-DE852260E18E}"
EndProject
Project("{9A19103F-16F7-4668-BE54-9A1E7A4F7556}") = "Billetes", "4CBibliotecaDeClasesEj2\Billetes.csproj", "{8D6F67D5-351F-409D-92AA-666B3E06F89D}"
EndProject
Project("{9A19103F-16F7-4668-BE54-9A1E7A4F7556}") = "4CEjercicio02", "4CEjercicio02\4CEjercicio02.csproj", "{5344DDEA-EED4-4FB6-8218-0635D669CC08}"
EndProject
Project("{2150E333-8FDC-42A3-9474-1A3956D46DE8}") = "Ejercicio-Practico-Colegio", "Ejercicio-Practico-Colegio", "{6EC4E5B5-1092-4321-8B9D-FB1F3055124E}"
EndProject
Project("{9A19103F-16F7-4668-BE54-9A1E7A4F7556}") = "Ejercicio-Practico", "Ejercicio-Practico-Colegio\Ejercicio-Practico.csproj", "{17E8D48E-3FD3-498A-B625-8F17E689F188}"
EndProject
Project("{9A19103F-16F7-4668-BE54-9A1E7A4F7556}") = "Colegio", "Colegio\Colegio.csproj", "{D62C1D83-5353-40BB-9E43-3CE8245CB5D6}"
EndProject
Global
	GlobalSection(SolutionConfigurationPlatforms) = preSolution
		Debug|Any CPU = Debug|Any CPU
		Release|Any CPU = Release|Any CPU
	EndGlobalSection
	GlobalSection(ProjectConfigurationPlatforms) = postSolution
		{2C89F265-2A55-4D1F-824A-B5B401647245}.Debug|Any CPU.ActiveCfg = Debug|Any CPU
		{2C89F265-2A55-4D1F-824A-B5B401647245}.Debug|Any CPU.Build.0 = Debug|Any CPU
		{2C89F265-2A55-4D1F-824A-B5B401647245}.Release|Any CPU.ActiveCfg = Release|Any CPU
		{2C89F265-2A55-4D1F-824A-B5B401647245}.Release|Any CPU.Build.0 = Release|Any CPU
		{C23D0879-36BD-4287-B63F-E8EB6E26A4DD}.Debug|Any CPU.ActiveCfg = Debug|Any CPU
		{C23D0879-36BD-4287-B63F-E8EB6E26A4DD}.Debug|Any CPU.Build.0 = Debug|Any CPU
		{C23D0879-36BD-4287-B63F-E8EB6E26A4DD}.Release|Any CPU.ActiveCfg = Release|Any CPU
		{C23D0879-36BD-4287-B63F-E8EB6E26A4DD}.Release|Any CPU.Build.0 = Release|Any CPU
		{8264EE3C-DF7F-4A9F-88D9-1006A4B2A22C}.Debug|Any CPU.ActiveCfg = Debug|Any CPU
		{8264EE3C-DF7F-4A9F-88D9-1006A4B2A22C}.Debug|Any CPU.Build.0 = Debug|Any CPU
		{8264EE3C-DF7F-4A9F-88D9-1006A4B2A22C}.Release|Any CPU.ActiveCfg = Release|Any CPU
		{8264EE3C-DF7F-4A9F-88D9-1006A4B2A22C}.Release|Any CPU.Build.0 = Release|Any CPU
		{1D97C4A8-3F24-4353-B0C0-EF06C7596694}.Debug|Any CPU.ActiveCfg = Debug|Any CPU
		{1D97C4A8-3F24-4353-B0C0-EF06C7596694}.Debug|Any CPU.Build.0 = Debug|Any CPU
		{1D97C4A8-3F24-4353-B0C0-EF06C7596694}.Release|Any CPU.ActiveCfg = Release|Any CPU
		{1D97C4A8-3F24-4353-B0C0-EF06C7596694}.Release|Any CPU.Build.0 = Release|Any CPU
		{5986FA87-8476-4182-BBE2-BC515F1321EA}.Debug|Any CPU.ActiveCfg = Debug|Any CPU
		{5986FA87-8476-4182-BBE2-BC515F1321EA}.Debug|Any CPU.Build.0 = Debug|Any CPU
		{5986FA87-8476-4182-BBE2-BC515F1321EA}.Release|Any CPU.ActiveCfg = Release|Any CPU
		{5986FA87-8476-4182-BBE2-BC515F1321EA}.Release|Any CPU.Build.0 = Release|Any CPU
		{FF6DB771-B8C4-47AA-A7FC-01B0F55A850F}.Debug|Any CPU.ActiveCfg = Debug|Any CPU
		{FF6DB771-B8C4-47AA-A7FC-01B0F55A850F}.Debug|Any CPU.Build.0 = Debug|Any CPU
		{FF6DB771-B8C4-47AA-A7FC-01B0F55A850F}.Release|Any CPU.ActiveCfg = Release|Any CPU
		{FF6DB771-B8C4-47AA-A7FC-01B0F55A850F}.Release|Any CPU.Build.0 = Release|Any CPU
		{D7C2AFCB-7906-4FC7-A887-0C1C594EA3D2}.Debug|Any CPU.ActiveCfg = Debug|Any CPU
		{D7C2AFCB-7906-4FC7-A887-0C1C594EA3D2}.Debug|Any CPU.Build.0 = Debug|Any CPU
		{D7C2AFCB-7906-4FC7-A887-0C1C594EA3D2}.Release|Any CPU.ActiveCfg = Release|Any CPU
		{D7C2AFCB-7906-4FC7-A887-0C1C594EA3D2}.Release|Any CPU.Build.0 = Release|Any CPU
		{9B432493-162E-484F-893A-5049F66EC53F}.Debug|Any CPU.ActiveCfg = Debug|Any CPU
		{9B432493-162E-484F-893A-5049F66EC53F}.Debug|Any CPU.Build.0 = Debug|Any CPU
		{9B432493-162E-484F-893A-5049F66EC53F}.Release|Any CPU.ActiveCfg = Release|Any CPU
		{9B432493-162E-484F-893A-5049F66EC53F}.Release|Any CPU.Build.0 = Release|Any CPU
		{18341EFD-B334-45D6-B6A6-185D52E4160B}.Debug|Any CPU.ActiveCfg = Debug|Any CPU
		{18341EFD-B334-45D6-B6A6-185D52E4160B}.Debug|Any CPU.Build.0 = Debug|Any CPU
		{18341EFD-B334-45D6-B6A6-185D52E4160B}.Release|Any CPU.ActiveCfg = Release|Any CPU
		{18341EFD-B334-45D6-B6A6-185D52E4160B}.Release|Any CPU.Build.0 = Release|Any CPU
		{0CC89217-069D-4068-BBB1-7B322B526F19}.Debug|Any CPU.ActiveCfg = Debug|Any CPU
		{0CC89217-069D-4068-BBB1-7B322B526F19}.Debug|Any CPU.Build.0 = Debug|Any CPU
		{0CC89217-069D-4068-BBB1-7B322B526F19}.Release|Any CPU.ActiveCfg = Release|Any CPU
		{0CC89217-069D-4068-BBB1-7B322B526F19}.Release|Any CPU.Build.0 = Release|Any CPU
		{69A3AB6C-7E31-46BD-A2C1-A6EADDAB4DDB}.Debug|Any CPU.ActiveCfg = Debug|Any CPU
		{69A3AB6C-7E31-46BD-A2C1-A6EADDAB4DDB}.Debug|Any CPU.Build.0 = Debug|Any CPU
		{69A3AB6C-7E31-46BD-A2C1-A6EADDAB4DDB}.Release|Any CPU.ActiveCfg = Release|Any CPU
		{69A3AB6C-7E31-46BD-A2C1-A6EADDAB4DDB}.Release|Any CPU.Build.0 = Release|Any CPU
		{8D6F67D5-351F-409D-92AA-666B3E06F89D}.Debug|Any CPU.ActiveCfg = Debug|Any CPU
		{8D6F67D5-351F-409D-92AA-666B3E06F89D}.Debug|Any CPU.Build.0 = Debug|Any CPU
		{8D6F67D5-351F-409D-92AA-666B3E06F89D}.Release|Any CPU.ActiveCfg = Release|Any CPU
		{8D6F67D5-351F-409D-92AA-666B3E06F89D}.Release|Any CPU.Build.0 = Release|Any CPU
		{5344DDEA-EED4-4FB6-8218-0635D669CC08}.Debug|Any CPU.ActiveCfg = Debug|Any CPU
		{5344DDEA-EED4-4FB6-8218-0635D669CC08}.Debug|Any CPU.Build.0 = Debug|Any CPU
		{5344DDEA-EED4-4FB6-8218-0635D669CC08}.Release|Any CPU.ActiveCfg = Release|Any CPU
		{5344DDEA-EED4-4FB6-8218-0635D669CC08}.Release|Any CPU.Build.0 = Release|Any CPU
		{17E8D48E-3FD3-498A-B625-8F17E689F188}.Debug|Any CPU.ActiveCfg = Debug|Any CPU
		{17E8D48E-3FD3-498A-B625-8F17E689F188}.Debug|Any CPU.Build.0 = Debug|Any CPU
		{17E8D48E-3FD3-498A-B625-8F17E689F188}.Release|Any CPU.ActiveCfg = Release|Any CPU
		{17E8D48E-3FD3-498A-B625-8F17E689F188}.Release|Any CPU.Build.0 = Release|Any CPU
		{D62C1D83-5353-40BB-9E43-3CE8245CB5D6}.Debug|Any CPU.ActiveCfg = Debug|Any CPU
		{D62C1D83-5353-40BB-9E43-3CE8245CB5D6}.Debug|Any CPU.Build.0 = Debug|Any CPU
		{D62C1D83-5353-40BB-9E43-3CE8245CB5D6}.Release|Any CPU.ActiveCfg = Release|Any CPU
		{D62C1D83-5353-40BB-9E43-3CE8245CB5D6}.Release|Any CPU.Build.0 = Release|Any CPU
	EndGlobalSection
	GlobalSection(SolutionProperties) = preSolution
		HideSolutionNode = FALSE
	EndGlobalSection
	GlobalSection(NestedProjects) = preSolution
		{2C89F265-2A55-4D1F-824A-B5B401647245} = {EBF1617B-E62F-4363-A53E-4A4D273FC53E}
		{C23D0879-36BD-4287-B63F-E8EB6E26A4DD} = {EBF1617B-E62F-4363-A53E-4A4D273FC53E}
		{EBF1617B-E62F-4363-A53E-4A4D273FC53E} = {F14B596F-D498-4EAC-8FE6-142F869BD9DF}
		{F7F06FC6-7721-4134-B0A8-29432351FCBB} = {F14B596F-D498-4EAC-8FE6-142F869BD9DF}
		{8264EE3C-DF7F-4A9F-88D9-1006A4B2A22C} = {F7F06FC6-7721-4134-B0A8-29432351FCBB}
		{1D97C4A8-3F24-4353-B0C0-EF06C7596694} = {F7F06FC6-7721-4134-B0A8-29432351FCBB}
		{9AAB7166-1C4D-4BF8-9596-F8BF69EC72FB} = {F14B596F-D498-4EAC-8FE6-142F869BD9DF}
		{5986FA87-8476-4182-BBE2-BC515F1321EA} = {9AAB7166-1C4D-4BF8-9596-F8BF69EC72FB}
		{FF6DB771-B8C4-47AA-A7FC-01B0F55A850F} = {9AAB7166-1C4D-4BF8-9596-F8BF69EC72FB}
		{9DFFD2DD-A2FC-4F36-846C-6471613D7FAA} = {F2776412-9FF9-4C24-94C7-078C9521D81E}
		{D7C2AFCB-7906-4FC7-A887-0C1C594EA3D2} = {9DFFD2DD-A2FC-4F36-846C-6471613D7FAA}
		{BC62B3FF-3B6D-46D0-A01D-238C88C32F22} = {F2776412-9FF9-4C24-94C7-078C9521D81E}
		{9B432493-162E-484F-893A-5049F66EC53F} = {BC62B3FF-3B6D-46D0-A01D-238C88C32F22}
		{18341EFD-B334-45D6-B6A6-185D52E4160B} = {BC62B3FF-3B6D-46D0-A01D-238C88C32F22}
		{0CC89217-069D-4068-BBB1-7B322B526F19} = {4D48A927-3DE8-4C0F-A547-39F3C0A00247}
		{4D48A927-3DE8-4C0F-A547-39F3C0A00247} = {7F761A7D-0F81-4DD8-9942-AB86D8B141AA}
		{69A3AB6C-7E31-46BD-A2C1-A6EADDAB4DDB} = {4D48A927-3DE8-4C0F-A547-39F3C0A00247}
		{29CE6F76-0A68-4A0B-81D2-DE852260E18E} = {7F761A7D-0F81-4DD8-9942-AB86D8B141AA}
		{8D6F67D5-351F-409D-92AA-666B3E06F89D} = {29CE6F76-0A68-4A0B-81D2-DE852260E18E}
		{5344DDEA-EED4-4FB6-8218-0635D669CC08} = {29CE6F76-0A68-4A0B-81D2-DE852260E18E}
		{6EC4E5B5-1092-4321-8B9D-FB1F3055124E} = {F2776412-9FF9-4C24-94C7-078C9521D81E}
		{17E8D48E-3FD3-498A-B625-8F17E689F188} = {6EC4E5B5-1092-4321-8B9D-FB1F3055124E}
		{D62C1D83-5353-40BB-9E43-3CE8245CB5D6} = {6EC4E5B5-1092-4321-8B9D-FB1F3055124E}
	EndGlobalSection
	GlobalSection(ExtensibilityGlobals) = postSolution
		SolutionGuid = {74AC18A3-F179-4960-BBD0-CC9E0EBB05E5}
	EndGlobalSection
EndGlobal
